
Microsoft Visual Studio Solution File, Format Version 12.00
# Visual Studio Version 17
VisualStudioVersion = 17.14.36414.22 d17.14
MinimumVisualStudioVersion = 10.0.40219.1
Project("{FAE04EC0-301F-11D3-BF4B-00C04F79EFBC}") = "Template", "Template\Template.csproj", "{96619C91-C441-4183-9A1B-9DE34A98DAF9}"
EndProject
Global
	GlobalSection(SolutionConfigurationPlatforms) = preSolution
		Debug|Any CPU = Debug|Any CPU
		Release|Any CPU = Release|Any CPU
	EndGlobalSection
	GlobalSection(ProjectConfigurationPlatforms) = postSolution
		{96619C91-C441-4183-9A1B-9DE34A98DAF9}.Debug|Any CPU.ActiveCfg = Debug|Any CPU
		{96619C91-C441-4183-9A1B-9DE34A98DAF9}.Debug|Any CPU.Build.0 = Debug|Any CPU
		{96619C91-C441-4183-9A1B-9DE34A98DAF9}.Release|Any CPU.ActiveCfg = Release|Any CPU
		{96619C91-C441-4183-9A1B-9DE34A98DAF9}.Release|Any CPU.Build.0 = Release|Any CPU
	EndGlobalSection
	GlobalSection(SolutionProperties) = preSolution
		HideSolutionNode = FALSE
	EndGlobalSection
	GlobalSection(ExtensibilityGlobals) = postSolution
		SolutionGuid = {F6301B06-47B6-4A19-A815-5C4415176DB7}
	EndGlobalSection
EndGlobal
